// !$*UTF8*$!
{
	archiveVersion = 1;
	classes = {
	};
	objectVersion = 56;
	objects = {

/* Begin PBXBuildFile section */
		EFA094A22BE183BD00D908F0 /* ULA_AppApp.swift in Sources */ = {isa = PBXBuildFile; fileRef = EFA094A12BE183BD00D908F0 /* ULA_AppApp.swift */; };
		EFA094A42BE183BD00D908F0 /* ContentView.swift in Sources */ = {isa = PBXBuildFile; fileRef = EFA094A32BE183BD00D908F0 /* ContentView.swift */; };
		EFA094A62BE183BF00D908F0 /* Assets.xcassets in Resources */ = {isa = PBXBuildFile; fileRef = EFA094A52BE183BF00D908F0 /* Assets.xcassets */; };
		EFA094A92BE183BF00D908F0 /* Preview Assets.xcassets in Resources */ = {isa = PBXBuildFile; fileRef = EFA094A82BE183BF00D908F0 /* Preview Assets.xcassets */; };
		EFE4468A2BE1879300B9AF6F /* MainTabView.swift in Sources */ = {isa = PBXBuildFile; fileRef = EFE446892BE1879300B9AF6F /* MainTabView.swift */; };
		EFE4468D2BE18D2600B9AF6F /* Colors.swift in Sources */ = {isa = PBXBuildFile; fileRef = EFE4468C2BE18D2600B9AF6F /* Colors.swift */; };
		EFE4468F2BE190DC00B9AF6F /* LoginView.swift in Sources */ = {isa = PBXBuildFile; fileRef = EFE4468E2BE190DC00B9AF6F /* LoginView.swift */; };
/* End PBXBuildFile section */

/* Begin PBXFileReference section */
		EFA0949E2BE183BD00D908F0 /* ULA App.app */ = {isa = PBXFileReference; explicitFileType = wrapper.application; includeInIndex = 0; path = "ULA App.app"; sourceTree = BUILT_PRODUCTS_DIR; };
		EFA094A12BE183BD00D908F0 /* ULA_AppApp.swift */ = {isa = PBXFileReference; lastKnownFileType = sourcecode.swift; path = ULA_AppApp.swift; sourceTree = "<group>"; };
		EFA094A32BE183BD00D908F0 /* ContentView.swift */ = {isa = PBXFileReference; lastKnownFileType = sourcecode.swift; path = ContentView.swift; sourceTree = "<group>"; };
		EFA094A52BE183BF00D908F0 /* Assets.xcassets */ = {isa = PBXFileReference; lastKnownFileType = folder.assetcatalog; path = Assets.xcassets; sourceTree = "<group>"; };
		EFA094A82BE183BF00D908F0 /* Preview Assets.xcassets */ = {isa = PBXFileReference; lastKnownFileType = folder.assetcatalog; path = "Preview Assets.xcassets"; sourceTree = "<group>"; };
		EFE446892BE1879300B9AF6F /* MainTabView.swift */ = {isa = PBXFileReference; lastKnownFileType = sourcecode.swift; path = MainTabView.swift; sourceTree = "<group>"; };
		EFE4468C2BE18D2600B9AF6F /* Colors.swift */ = {isa = PBXFileReference; lastKnownFileType = sourcecode.swift; path = Colors.swift; sourceTree = "<group>"; };
		EFE4468E2BE190DC00B9AF6F /* LoginView.swift */ = {isa = PBXFileReference; lastKnownFileType = sourcecode.swift; path = LoginView.swift; sourceTree = "<group>"; };
/* End PBXFileReference section */

/* Begin PBXFrameworksBuildPhase section */
		EFA0949B2BE183BD00D908F0 /* Frameworks */ = {
			isa = PBXFrameworksBuildPhase;
			buildActionMask = 2147483647;
			files = (
			);
			runOnlyForDeploymentPostprocessing = 0;
		};
/* End PBXFrameworksBuildPhase section */

/* Begin PBXGroup section */
		EFA094952BE183BD00D908F0 = {
			isa = PBXGroup;
			children = (
				EFA094A02BE183BD00D908F0 /* ULA App */,
				EFA0949F2BE183BD00D908F0 /* Products */,
			);
			sourceTree = "<group>";
		};
		EFA0949F2BE183BD00D908F0 /* Products */ = {
			isa = PBXGroup;
			children = (
				EFA0949E2BE183BD00D908F0 /* ULA App.app */,
			);
			name = Products;
			sourceTree = "<group>";
		};
		EFA094A02BE183BD00D908F0 /* ULA App */ = {
			isa = PBXGroup;
			children = (
				EFE446812BE185EA00B9AF6F /* App */,
				EFE446832BE1861500B9AF6F /* Core */,
				EFE4468B2BE18CFA00B9AF6F /* Extensions */,
				EFA094A52BE183BF00D908F0 /* Assets.xcassets */,
				EFA094A32BE183BD00D908F0 /* ContentView.swift */,
				EFA094A72BE183BF00D908F0 /* Preview Content */,
			);
			path = "ULA App";
			sourceTree = "<group>";
		};
		EFA094A72BE183BF00D908F0 /* Preview Content */ = {
			isa = PBXGroup;
			children = (
				EFA094A82BE183BF00D908F0 /* Preview Assets.xcassets */,
			);
			path = "Preview Content";
			sourceTree = "<group>";
		};
		EFE446812BE185EA00B9AF6F /* App */ = {
			isa = PBXGroup;
			children = (
				EFA094A12BE183BD00D908F0 /* ULA_AppApp.swift */,
			);
			path = App;
			sourceTree = "<group>";
		};
		EFE446832BE1861500B9AF6F /* Core */ = {
			isa = PBXGroup;
			children = (
				EFE446852BE1864B00B9AF6F /* Authentication */,
				EFE446842BE1863000B9AF6F /* Components */,
				EFE446872BE1868900B9AF6F /* Home */,
				EFE446882BE1869600B9AF6F /* Profile */,
				EFE446862BE1865900B9AF6F /* TabBar */,
			);
			path = Core;
			sourceTree = "<group>";
		};
		EFE446842BE1863000B9AF6F /* Components */ = {
			isa = PBXGroup;
			children = (
			);
			path = Components;
			sourceTree = "<group>";
		};
		EFE446852BE1864B00B9AF6F /* Authentication */ = {
			isa = PBXGroup;
			children = (
				EFE4468E2BE190DC00B9AF6F /* LoginView.swift */,
			);
			path = Authentication;
			sourceTree = "<group>";
		};
		EFE446862BE1865900B9AF6F /* TabBar */ = {
			isa = PBXGroup;
			children = (
				EFE446892BE1879300B9AF6F /* MainTabView.swift */,
			);
			path = TabBar;
			sourceTree = "<group>";
		};
		EFE446872BE1868900B9AF6F /* Home */ = {
			isa = PBXGroup;
			children = (
			);
			path = Home;
			sourceTree = "<group>";
		};
		EFE446882BE1869600B9AF6F /* Profile */ = {
			isa = PBXGroup;
			children = (
			);
			path = Profile;
			sourceTree = "<group>";
		};
		EFE4468B2BE18CFA00B9AF6F /* Extensions */ = {
			isa = PBXGroup;
			children = (
				EFE4468C2BE18D2600B9AF6F /* Colors.swift */,
			);
			path = Extensions;
			sourceTree = "<group>";
		};
/* End PBXGroup section */

/* Begin PBXNativeTarget section */
		EFA0949D2BE183BD00D908F0 /* ULA App */ = {
			isa = PBXNativeTarget;
			buildConfigurationList = EFA094AC2BE183BF00D908F0 /* Build configuration list for PBXNativeTarget "ULA App" */;
			buildPhases = (
				EFA0949A2BE183BD00D908F0 /* Sources */,
				EFA0949B2BE183BD00D908F0 /* Frameworks */,
				EFA0949C2BE183BD00D908F0 /* Resources */,
			);
			buildRules = (
			);
			dependencies = (
			);
			name = "ULA App";
			productName = "ULA App";
			productReference = EFA0949E2BE183BD00D908F0 /* ULA App.app */;
			productType = "com.apple.product-type.application";
		};
/* End PBXNativeTarget section */

/* Begin PBXProject section */
		EFA094962BE183BD00D908F0 /* Project object */ = {
			isa = PBXProject;
			attributes = {
				BuildIndependentTargetsInParallel = 1;
				LastSwiftUpdateCheck = 1530;
				LastUpgradeCheck = 1530;
				TargetAttributes = {
					EFA0949D2BE183BD00D908F0 = {
						CreatedOnToolsVersion = 15.3;
					};
				};
			};
			buildConfigurationList = EFA094992BE183BD00D908F0 /* Build configuration list for PBXProject "ULA App" */;
			compatibilityVersion = "Xcode 14.0";
			developmentRegion = en;
			hasScannedForEncodings = 0;
			knownRegions = (
				en,
				Base,
			);
			mainGroup = EFA094952BE183BD00D908F0;
			productRefGroup = EFA0949F2BE183BD00D908F0 /* Products */;
			projectDirPath = "";
			projectRoot = "";
			targets = (
				EFA0949D2BE183BD00D908F0 /* ULA App */,
			);
		};
/* End PBXProject section */

/* Begin PBXResourcesBuildPhase section */
		EFA0949C2BE183BD00D908F0 /* Resources */ = {
			isa = PBXResourcesBuildPhase;
			buildActionMask = 2147483647;
			files = (
				EFA094A92BE183BF00D908F0 /* Preview Assets.xcassets in Resources */,
				EFA094A62BE183BF00D908F0 /* Assets.xcassets in Resources */,
			);
			runOnlyForDeploymentPostprocessing = 0;
		};
/* End PBXResourcesBuildPhase section */

/* Begin PBXSourcesBuildPhase section */
		EFA0949A2BE183BD00D908F0 /* Sources */ = {
			isa = PBXSourcesBuildPhase;
			buildActionMask = 2147483647;
			files = (
				EFA094A42BE183BD00D908F0 /* ContentView.swift in Sources */,
				EFE4468D2BE18D2600B9AF6F /* Colors.swift in Sources */,
				EFA094A22BE183BD00D908F0 /* ULA_AppApp.swift in Sources */,
				EFE4468F2BE190DC00B9AF6F /* LoginView.swift in Sources */,
				EFE4468A2BE1879300B9AF6F /* MainTabView.swift in Sources */,
			);
			runOnlyForDeploymentPostprocessing = 0;
		};
/* End PBXSourcesBuildPhase section */

/* Begin XCBuildConfiguration section */
		EFA094AA2BE183BF00D908F0 /* Debug */ = {
			isa = XCBuildConfiguration;
			buildSettings = {
				ALWAYS_SEARCH_USER_PATHS = NO;
				ASSETCATALOG_COMPILER_GENERATE_SWIFT_ASSET_SYMBOL_EXTENSIONS = YES;
				CLANG_ANALYZER_NONNULL = YES;
				CLANG_ANALYZER_NUMBER_OBJECT_CONVERSION = YES_AGGRESSIVE;
				CLANG_CXX_LANGUAGE_STANDARD = "gnu++20";
				CLANG_ENABLE_MODULES = YES;
				CLANG_ENABLE_OBJC_ARC = YES;
				CLANG_ENABLE_OBJC_WEAK = YES;
				CLANG_WARN_BLOCK_CAPTURE_AUTORELEASING = YES;
				CLANG_WARN_BOOL_CONVERSION = YES;
				CLANG_WARN_COMMA = YES;
				CLANG_WARN_CONSTANT_CONVERSION = YES;
				CLANG_WARN_DEPRECATED_OBJC_IMPLEMENTATIONS = YES;
				CLANG_WARN_DIRECT_OBJC_ISA_USAGE = YES_ERROR;
				CLANG_WARN_DOCUMENTATION_COMMENTS = YES;
				CLANG_WARN_EMPTY_BODY = YES;
				CLANG_WARN_ENUM_CONVERSION = YES;
				CLANG_WARN_INFINITE_RECURSION = YES;
				CLANG_WARN_INT_CONVERSION = YES;
				CLANG_WARN_NON_LITERAL_NULL_CONVERSION = YES;
				CLANG_WARN_OBJC_IMPLICIT_RETAIN_SELF = YES;
				CLANG_WARN_OBJC_LITERAL_CONVERSION = YES;
				CLANG_WARN_OBJC_ROOT_CLASS = YES_ERROR;
				CLANG_WARN_QUOTED_INCLUDE_IN_FRAMEWORK_HEADER = YES;
				CLANG_WARN_RANGE_LOOP_ANALYSIS = YES;
				CLANG_WARN_STRICT_PROTOTYPES = YES;
				CLANG_WARN_SUSPICIOUS_MOVE = YES;
				CLANG_WARN_UNGUARDED_AVAILABILITY = YES_AGGRESSIVE;
				CLANG_WARN_UNREACHABLE_CODE = YES;
				CLANG_WARN__DUPLICATE_METHOD_MATCH = YES;
				COPY_PHASE_STRIP = NO;
				DEBUG_INFORMATION_FORMAT = dwarf;
				ENABLE_STRICT_OBJC_MSGSEND = YES;
				ENABLE_TESTABILITY = YES;
				ENABLE_USER_SCRIPT_SANDBOXING = YES;
				GCC_C_LANGUAGE_STANDARD = gnu17;
				GCC_DYNAMIC_NO_PIC = NO;
				GCC_NO_COMMON_BLOCKS = YES;
				GCC_OPTIMIZATION_LEVEL = 0;
				GCC_PREPROCESSOR_DEFINITIONS = (
					"DEBUG=1",
					"$(inherited)",
				);
				GCC_WARN_64_TO_32_BIT_CONVERSION = YES;
				GCC_WARN_ABOUT_RETURN_TYPE = YES_ERROR;
				GCC_WARN_UNDECLARED_SELECTOR = YES;
				GCC_WARN_UNINITIALIZED_AUTOS = YES_AGGRESSIVE;
				GCC_WARN_UNUSED_FUNCTION = YES;
				GCC_WARN_UNUSED_VARIABLE = YES;
				IPHONEOS_DEPLOYMENT_TARGET = 17.4;
				LOCALIZATION_PREFERS_STRING_CATALOGS = YES;
				MTL_ENABLE_DEBUG_INFO = INCLUDE_SOURCE;
				MTL_FAST_MATH = YES;
				ONLY_ACTIVE_ARCH = YES;
				SDKROOT = iphoneos;
				SWIFT_ACTIVE_COMPILATION_CONDITIONS = "DEBUG $(inherited)";
				SWIFT_OPTIMIZATION_LEVEL = "-Onone";
			};
			name = Debug;
		};
		EFA094AB2BE183BF00D908F0 /* Release */ = {
			isa = XCBuildConfiguration;
			buildSettings = {
				ALWAYS_SEARCH_USER_PATHS = NO;
				ASSETCATALOG_COMPILER_GENERATE_SWIFT_ASSET_SYMBOL_EXTENSIONS = YES;
				CLANG_ANALYZER_NONNULL = YES;
				CLANG_ANALYZER_NUMBER_OBJECT_CONVERSION = YES_AGGRESSIVE;
				CLANG_CXX_LANGUAGE_STANDARD = "gnu++20";
				CLANG_ENABLE_MODULES = YES;
				CLANG_ENABLE_OBJC_ARC = YES;
				CLANG_ENABLE_OBJC_WEAK = YES;
				CLANG_WARN_BLOCK_CAPTURE_AUTORELEASING = YES;
				CLANG_WARN_BOOL_CONVERSION = YES;
				CLANG_WARN_COMMA = YES;
				CLANG_WARN_CONSTANT_CONVERSION = YES;
				CLANG_WARN_DEPRECATED_OBJC_IMPLEMENTATIONS = YES;
				CLANG_WARN_DIRECT_OBJC_ISA_USAGE = YES_ERROR;
				CLANG_WARN_DOCUMENTATION_COMMENTS = YES;
				CLANG_WARN_EMPTY_BODY = YES;
				CLANG_WARN_ENUM_CONVERSION = YES;
				CLANG_WARN_INFINITE_RECURSION = YES;
				CLANG_WARN_INT_CONVERSION = YES;
				CLANG_WARN_NON_LITERAL_NULL_CONVERSION = YES;
				CLANG_WARN_OBJC_IMPLICIT_RETAIN_SELF = YES;
				CLANG_WARN_OBJC_LITERAL_CONVERSION = YES;
				CLANG_WARN_OBJC_ROOT_CLASS = YES_ERROR;
				CLANG_WARN_QUOTED_INCLUDE_IN_FRAMEWORK_HEADER = YES;
				CLANG_WARN_RANGE_LOOP_ANALYSIS = YES;
				CLANG_WARN_STRICT_PROTOTYPES = YES;
				CLANG_WARN_SUSPICIOUS_MOVE = YES;
				CLANG_WARN_UNGUARDED_AVAILABILITY = YES_AGGRESSIVE;
				CLANG_WARN_UNREACHABLE_CODE = YES;
				CLANG_WARN__DUPLICATE_METHOD_MATCH = YES;
				COPY_PHASE_STRIP = NO;
				DEBUG_INFORMATION_FORMAT = "dwarf-with-dsym";
				ENABLE_NS_ASSERTIONS = NO;
				ENABLE_STRICT_OBJC_MSGSEND = YES;
				ENABLE_USER_SCRIPT_SANDBOXING = YES;
				GCC_C_LANGUAGE_STANDARD = gnu17;
				GCC_NO_COMMON_BLOCKS = YES;
				GCC_WARN_64_TO_32_BIT_CONVERSION = YES;
				GCC_WARN_ABOUT_RETURN_TYPE = YES_ERROR;
				GCC_WARN_UNDECLARED_SELECTOR = YES;
				GCC_WARN_UNINITIALIZED_AUTOS = YES_AGGRESSIVE;
				GCC_WARN_UNUSED_FUNCTION = YES;
				GCC_WARN_UNUSED_VARIABLE = YES;
				IPHONEOS_DEPLOYMENT_TARGET = 17.4;
				LOCALIZATION_PREFERS_STRING_CATALOGS = YES;
				MTL_ENABLE_DEBUG_INFO = NO;
				MTL_FAST_MATH = YES;
				SDKROOT = iphoneos;
				SWIFT_COMPILATION_MODE = wholemodule;
				VALIDATE_PRODUCT = YES;
			};
			name = Release;
		};
		EFA094AD2BE183BF00D908F0 /* Debug */ = {
			isa = XCBuildConfiguration;
			buildSettings = {
				ASSETCATALOG_COMPILER_APPICON_NAME = AppIcon;
				ASSETCATALOG_COMPILER_GLOBAL_ACCENT_COLOR_NAME = AccentColor;
				CODE_SIGN_STYLE = Automatic;
				CURRENT_PROJECT_VERSION = 1;
				DEVELOPMENT_ASSET_PATHS = "\"ULA App/Preview Content\"";
				DEVELOPMENT_TEAM = GTU957UJKB;
				ENABLE_PREVIEWS = YES;
				GENERATE_INFOPLIST_FILE = YES;
				INFOPLIST_KEY_CFBundleDisplayName = "ULA App";
				INFOPLIST_KEY_LSApplicationCategoryType = "public.app-category.education";
				INFOPLIST_KEY_UIApplicationSceneManifest_Generation = YES;
				INFOPLIST_KEY_UIApplicationSupportsIndirectInputEvents = YES;
				INFOPLIST_KEY_UILaunchScreen_Generation = YES;
				INFOPLIST_KEY_UISupportedInterfaceOrientations_iPad = "UIInterfaceOrientationPortrait UIInterfaceOrientationPortraitUpsideDown UIInterfaceOrientationLandscapeLeft UIInterfaceOrientationLandscapeRight";
				INFOPLIST_KEY_UISupportedInterfaceOrientations_iPhone = "UIInterfaceOrientationPortrait UIInterfaceOrientationLandscapeLeft UIInterfaceOrientationLandscapeRight";
				IPHONEOS_DEPLOYMENT_TARGET = 16.0;
				LD_RUNPATH_SEARCH_PATHS = (
					"$(inherited)",
					"@executable_path/Frameworks",
				);
				MARKETING_VERSION = 1.0;
				PRODUCT_BUNDLE_IDENTIFIER = "com.jarekkaminski.ULA-App";
				PRODUCT_NAME = "$(TARGET_NAME)";
				SWIFT_EMIT_LOC_STRINGS = YES;
				SWIFT_VERSION = 5.0;
				TARGETED_DEVICE_FAMILY = "1,2";
			};
			name = Debug;
		};
		EFA094AE2BE183BF00D908F0 /* Release */ = {
			isa = XCBuildConfiguration;
			buildSettings = {
				ASSETCATALOG_COMPILER_APPICON_NAME = AppIcon;
				ASSETCATALOG_COMPILER_GLOBAL_ACCENT_COLOR_NAME = AccentColor;
				CODE_SIGN_STYLE = Automatic;
				CURRENT_PROJECT_VERSION = 1;
				DEVELOPMENT_ASSET_PATHS = "\"ULA App/Preview Content\"";
				DEVELOPMENT_TEAM = GTU957UJKB;
				ENABLE_PREVIEWS = YES;
				GENERATE_INFOPLIST_FILE = YES;
				INFOPLIST_KEY_CFBundleDisplayName = "ULA App";
				INFOPLIST_KEY_LSApplicationCategoryType = "public.app-category.education";
				INFOPLIST_KEY_UIApplicationSceneManifest_Generation = YES;
				INFOPLIST_KEY_UIApplicationSupportsIndirectInputEvents = YES;
				INFOPLIST_KEY_UILaunchScreen_Generation = YES;
				INFOPLIST_KEY_UISupportedInterfaceOrientations_iPad = "UIInterfaceOrientationPortrait UIInterfaceOrientationPortraitUpsideDown UIInterfaceOrientationLandscapeLeft UIInterfaceOrientationLandscapeRight";
				INFOPLIST_KEY_UISupportedInterfaceOrientations_iPhone = "UIInterfaceOrientationPortrait UIInterfaceOrientationLandscapeLeft UIInterfaceOrientationLandscapeRight";
				IPHONEOS_DEPLOYMENT_TARGET = 16.0;
				LD_RUNPATH_SEARCH_PATHS = (
					"$(inherited)",
					"@executable_path/Frameworks",
				);
				MARKETING_VERSION = 1.0;
				PRODUCT_BUNDLE_IDENTIFIER = "com.jarekkaminski.ULA-App";
				PRODUCT_NAME = "$(TARGET_NAME)";
				SWIFT_EMIT_LOC_STRINGS = YES;
				SWIFT_VERSION = 5.0;
				TARGETED_DEVICE_FAMILY = "1,2";
			};
			name = Release;
		};
/* End XCBuildConfiguration section */

/* Begin XCConfigurationList section */
		EFA094992BE183BD00D908F0 /* Build configuration list for PBXProject "ULA App" */ = {
			isa = XCConfigurationList;
			buildConfigurations = (
				EFA094AA2BE183BF00D908F0 /* Debug */,
				EFA094AB2BE183BF00D908F0 /* Release */,
			);
			defaultConfigurationIsVisible = 0;
			defaultConfigurationName = Release;
		};
		EFA094AC2BE183BF00D908F0 /* Build configuration list for PBXNativeTarget "ULA App" */ = {
			isa = XCConfigurationList;
			buildConfigurations = (
				EFA094AD2BE183BF00D908F0 /* Debug */,
				EFA094AE2BE183BF00D908F0 /* Release */,
			);
			defaultConfigurationIsVisible = 0;
			defaultConfigurationName = Release;
		};
/* End XCConfigurationList section */
	};
	rootObject = EFA094962BE183BD00D908F0 /* Project object */;
}
